
Microsoft Visual Studio Solution File, Format Version 12.00
# Visual Studio 15
VisualStudioVersion = 15.0.28010.2026
MinimumVisualStudioVersion = 10.0.40219.1
Project("{FAE04EC0-301F-11D3-BF4B-00C04F79EFBC}") = "VM501-Console", "VM501-Console\VM501-Console.csproj", "{9C1C2610-9C41-4F37-A725-5083699DE07A}"
EndProject
Global
	GlobalSection(SolutionConfigurationPlatforms) = preSolution
		Debug|Any CPU = Debug|Any CPU
		Release|Any CPU = Release|Any CPU
	EndGlobalSection
	GlobalSection(ProjectConfigurationPlatforms) = postSolution
		{9C1C2610-9C41-4F37-A725-5083699DE07A}.Debug|Any CPU.ActiveCfg = Debug|Any CPU
		{9C1C2610-9C41-4F37-A725-5083699DE07A}.Debug|Any CPU.Build.0 = Debug|Any CPU
		{9C1C2610-9C41-4F37-A725-5083699DE07A}.Release|Any CPU.ActiveCfg = Release|Any CPU
		{9C1C2610-9C41-4F37-A725-5083699DE07A}.Release|Any CPU.Build.0 = Release|Any CPU
	EndGlobalSection
	GlobalSection(SolutionProperties) = preSolution
		HideSolutionNode = FALSE
	EndGlobalSection
	GlobalSection(ExtensibilityGlobals) = postSolution
		SolutionGuid = {94B1803A-2D32-4493-8B09-21A03B9CEA90}
	EndGlobalSection
EndGlobal
